// !$*UTF8*$!
{
	archiveVersion = 1;
	classes = {
	};
	objectVersion = 46;
	objects = {

/* Begin PBXBuildFile section */
		5F030CEA1CE6689D002B2E14 /* ChatHandler.m in Sources */ = {isa = PBXBuildFile; fileRef = 5F030CE91CE6689D002B2E14 /* ChatHandler.m */; };
		5F030CF81CEA4186002B2E14 /* AccountTableViewController.swift in Sources */ = {isa = PBXBuildFile; fileRef = 5F030CF71CEA4186002B2E14 /* AccountTableViewController.swift */; };
		5F0357E01CE1337D009044F4 /* MainViewController.swift in Sources */ = {isa = PBXBuildFile; fileRef = 5F0357DF1CE1337D009044F4 /* MainViewController.swift */; };
		5F0357E21CE13E1E009044F4 /* VideoViewController.swift in Sources */ = {isa = PBXBuildFile; fileRef = 5F0357E11CE13E1E009044F4 /* VideoViewController.swift */; };
		5F0357E81CE147AD009044F4 /* LoginViewController.swift in Sources */ = {isa = PBXBuildFile; fileRef = 5F0357E71CE147AD009044F4 /* LoginViewController.swift */; };
		5F1E1B611CE0EB8D00AE3D31 /* AppDelegate.swift in Sources */ = {isa = PBXBuildFile; fileRef = 5F1E1B601CE0EB8D00AE3D31 /* AppDelegate.swift */; };
		5F1E1B6B1CE0EB8D00AE3D31 /* LaunchScreen.storyboard in Resources */ = {isa = PBXBuildFile; fileRef = 5F1E1B691CE0EB8D00AE3D31 /* LaunchScreen.storyboard */; };
		5F2086AB1CEBA60B00D2DA2D /* Main.storyboard in Resources */ = {isa = PBXBuildFile; fileRef = 5F2086A91CEBA60B00D2DA2D /* Main.storyboard */; };
		5F2086B81CEBAD2800D2DA2D /* AVFoundation.framework in Frameworks */ = {isa = PBXBuildFile; fileRef = 5F2086B71CEBAD2800D2DA2D /* AVFoundation.framework */; };
		5F2086BA1CEBAD3500D2DA2D /* GLKit.framework in Frameworks */ = {isa = PBXBuildFile; fileRef = 5F2086B91CEBAD3500D2DA2D /* GLKit.framework */; };
		5F2086C41CEE302900D2DA2D /* Assets.xcassets in Resources */ = {isa = PBXBuildFile; fileRef = 5F2086C31CEE302900D2DA2D /* Assets.xcassets */; };
		5F2086D31CF3CE2300D2DA2D /* EnterMeetingCredentialsViewController.swift in Sources */ = {isa = PBXBuildFile; fileRef = 5F2086D21CF3CE2300D2DA2D /* EnterMeetingCredentialsViewController.swift */; };
		5F2087221CF8BE8A00D2DA2D /* Utils.swift in Sources */ = {isa = PBXBuildFile; fileRef = 5F2087211CF8BE8A00D2DA2D /* Utils.swift */; };
		5F36BDFA1E52465C00B2233B /* Skype for Business App SDK Codec End User License Terms.pdf in Resources */ = {isa = PBXBuildFile; fileRef = 5F36BDF91E52465C00B2233B /* Skype for Business App SDK Codec End User License Terms.pdf */; };
		5F36BDFC1E52521600B2233B /* MicrosoftLicenseViewController.swift in Sources */ = {isa = PBXBuildFile; fileRef = 5F36BDFB1E52521600B2233B /* MicrosoftLicenseViewController.swift */; };
		5FEF3BB41CEBA39600F8C72F /* ChatCell.swift in Sources */ = {isa = PBXBuildFile; fileRef = 5FEF3BB31CEBA39600F8C72F /* ChatCell.swift */; };
		5FFC3E591CE50535001AC5C6 /* ChatViewController.swift in Sources */ = {isa = PBXBuildFile; fileRef = 5FFC3E581CE50535001AC5C6 /* ChatViewController.swift */; };
		5FFC3E5E1CE5065C001AC5C6 /* ChatTableViewController.swift in Sources */ = {isa = PBXBuildFile; fileRef = 5FFC3E5D1CE5065C001AC5C6 /* ChatTableViewController.swift */; };
/* End PBXBuildFile section */

/* Begin PBXFileReference section */
		5F030CE81CE6689D002B2E14 /* ChatHandler.h */ = {isa = PBXFileReference; fileEncoding = 4; lastKnownFileType = sourcecode.c.h; path = ChatHandler.h; sourceTree = "<group>"; };
		5F030CE91CE6689D002B2E14 /* ChatHandler.m */ = {isa = PBXFileReference; fileEncoding = 4; lastKnownFileType = sourcecode.c.objc; path = ChatHandler.m; sourceTree = "<group>"; };
		5F030CF71CEA4186002B2E14 /* AccountTableViewController.swift */ = {isa = PBXFileReference; fileEncoding = 4; lastKnownFileType = sourcecode.swift; path = AccountTableViewController.swift; sourceTree = "<group>"; };
		5F0357D41CE102F0009044F4 /* BankingAppSwift-Bridging-Header.h */ = {isa = PBXFileReference; lastKnownFileType = sourcecode.c.h; path = "BankingAppSwift-Bridging-Header.h"; sourceTree = "<group>"; };
		5F0357DF1CE1337D009044F4 /* MainViewController.swift */ = {isa = PBXFileReference; fileEncoding = 4; lastKnownFileType = sourcecode.swift; path = MainViewController.swift; sourceTree = "<group>"; };
		5F0357E11CE13E1E009044F4 /* VideoViewController.swift */ = {isa = PBXFileReference; fileEncoding = 4; lastKnownFileType = sourcecode.swift; path = VideoViewController.swift; sourceTree = "<group>"; };
		5F0357E71CE147AD009044F4 /* LoginViewController.swift */ = {isa = PBXFileReference; fileEncoding = 4; lastKnownFileType = sourcecode.swift; path = LoginViewController.swift; sourceTree = "<group>"; };
		5F1E1B5D1CE0EB8D00AE3D31 /* BankingAppSwift.app */ = {isa = PBXFileReference; explicitFileType = wrapper.application; includeInIndex = 0; path = BankingAppSwift.app; sourceTree = BUILT_PRODUCTS_DIR; };
		5F1E1B601CE0EB8D00AE3D31 /* AppDelegate.swift */ = {isa = PBXFileReference; lastKnownFileType = sourcecode.swift; path = AppDelegate.swift; sourceTree = "<group>"; };
		5F1E1B6A1CE0EB8D00AE3D31 /* Base */ = {isa = PBXFileReference; lastKnownFileType = file.storyboard; name = Base; path = Base.lproj/LaunchScreen.storyboard; sourceTree = "<group>"; };
		5F1E1B6C1CE0EB8D00AE3D31 /* Info.plist */ = {isa = PBXFileReference; lastKnownFileType = text.plist.xml; name = Info.plist; path = ../bankingAppSwift/Info.plist; sourceTree = "<group>"; };
		5F2086A91CEBA60B00D2DA2D /* Main.storyboard */ = {isa = PBXFileReference; fileEncoding = 4; lastKnownFileType = file.storyboard; name = Main.storyboard; path = BankingAppSwift/Main.storyboard; sourceTree = SOURCE_ROOT; };
		5F2086B71CEBAD2800D2DA2D /* AVFoundation.framework */ = {isa = PBXFileReference; lastKnownFileType = wrapper.framework; name = AVFoundation.framework; path = System/Library/Frameworks/AVFoundation.framework; sourceTree = SDKROOT; };
		5F2086B91CEBAD3500D2DA2D /* GLKit.framework */ = {isa = PBXFileReference; lastKnownFileType = wrapper.framework; name = GLKit.framework; path = System/Library/Frameworks/GLKit.framework; sourceTree = SDKROOT; };
		5F2086C31CEE302900D2DA2D /* Assets.xcassets */ = {isa = PBXFileReference; lastKnownFileType = folder.assetcatalog; path = Assets.xcassets; sourceTree = "<group>"; };
		5F2086D21CF3CE2300D2DA2D /* EnterMeetingCredentialsViewController.swift */ = {isa = PBXFileReference; fileEncoding = 4; lastKnownFileType = sourcecode.swift; path = EnterMeetingCredentialsViewController.swift; sourceTree = "<group>"; };
		5F2087211CF8BE8A00D2DA2D /* Utils.swift */ = {isa = PBXFileReference; fileEncoding = 4; lastKnownFileType = sourcecode.swift; path = Utils.swift; sourceTree = "<group>"; };
		5F36BDF91E52465C00B2233B /* Skype for Business App SDK Codec End User License Terms.pdf */ = {isa = PBXFileReference; lastKnownFileType = image.pdf; path = "Skype for Business App SDK Codec End User License Terms.pdf"; sourceTree = "<group>"; };
		5F36BDFB1E52521600B2233B /* MicrosoftLicenseViewController.swift */ = {isa = PBXFileReference; fileEncoding = 4; lastKnownFileType = sourcecode.swift; path = MicrosoftLicenseViewController.swift; sourceTree = "<group>"; };
		5FEF3BB31CEBA39600F8C72F /* ChatCell.swift */ = {isa = PBXFileReference; fileEncoding = 4; lastKnownFileType = sourcecode.swift; path = ChatCell.swift; sourceTree = "<group>"; };
		5FFC3E581CE50535001AC5C6 /* ChatViewController.swift */ = {isa = PBXFileReference; fileEncoding = 4; lastKnownFileType = sourcecode.swift; path = ChatViewController.swift; sourceTree = "<group>"; };
		5FFC3E5D1CE5065C001AC5C6 /* ChatTableViewController.swift */ = {isa = PBXFileReference; fileEncoding = 4; lastKnownFileType = sourcecode.swift; path = ChatTableViewController.swift; sourceTree = "<group>"; };
/* End PBXFileReference section */

/* Begin PBXFrameworksBuildPhase section */
		5F1E1B5A1CE0EB8D00AE3D31 /* Frameworks */ = {
			isa = PBXFrameworksBuildPhase;
			buildActionMask = 2147483647;
			files = (
				5F2086BA1CEBAD3500D2DA2D /* GLKit.framework in Frameworks */,
				5F2086B81CEBAD2800D2DA2D /* AVFoundation.framework in Frameworks */,
			);
			runOnlyForDeploymentPostprocessing = 0;
		};
/* End PBXFrameworksBuildPhase section */

/* Begin PBXGroup section */
		5F030CEB1CE668AA002B2E14 /* Helpers */ = {
			isa = PBXGroup;
			children = (
				5F2087211CF8BE8A00D2DA2D /* Utils.swift */,
				5F0357D41CE102F0009044F4 /* BankingAppSwift-Bridging-Header.h */,
				5F030CE81CE6689D002B2E14 /* ChatHandler.h */,
				5F030CE91CE6689D002B2E14 /* ChatHandler.m */,
				5F36BDFB1E52521600B2233B /* MicrosoftLicenseViewController.swift */,
			);
			name = Helpers;
			sourceTree = "<group>";
		};
		5F030CFA1CEA41D6002B2E14 /* AV Chat */ = {
			isa = PBXGroup;
			children = (
				5F0357E11CE13E1E009044F4 /* VideoViewController.swift */,
			);
			name = "AV Chat";
			sourceTree = "<group>";
		};
		5F1E1B541CE0EB8D00AE3D31 = {
			isa = PBXGroup;
			children = (
				5F1E1B5F1CE0EB8D00AE3D31 /* BankingAppSwift */,
				5F2086BB1CEBAD4400D2DA2D /* Frameworks */,
				5F1E1B5E1CE0EB8D00AE3D31 /* Products */,
			);
			sourceTree = "<group>";
		};
		5F1E1B5E1CE0EB8D00AE3D31 /* Products */ = {
			isa = PBXGroup;
			children = (
				5F1E1B5D1CE0EB8D00AE3D31 /* BankingAppSwift.app */,
			);
			name = Products;
			sourceTree = "<group>";
		};
		5F1E1B5F1CE0EB8D00AE3D31 /* BankingAppSwift */ = {
			isa = PBXGroup;
			children = (
				5F030CEB1CE668AA002B2E14 /* Helpers */,
				5F2086BD1CEBBF6D00D2DA2D /* Controllers */,
				5F2086BF1CEBC03900D2DA2D /* Resources */,
				5F2086BE1CEBC01800D2DA2D /* Views */,
			);
			path = BankingAppSwift;
			sourceTree = "<group>";
		};
		5F2086BB1CEBAD4400D2DA2D /* Frameworks */ = {
			isa = PBXGroup;
			children = (
				5F2086B91CEBAD3500D2DA2D /* GLKit.framework */,
				5F2086B71CEBAD2800D2DA2D /* AVFoundation.framework */,
			);
			name = Frameworks;
			sourceTree = "<group>";
		};
		5F2086BD1CEBBF6D00D2DA2D /* Controllers */ = {
			isa = PBXGroup;
			children = (
				5F030CFA1CEA41D6002B2E14 /* AV Chat */,
				5FFC3E5A1CE5053E001AC5C6 /* Text Chat */,
				5F1E1B601CE0EB8D00AE3D31 /* AppDelegate.swift */,
				5F0357DF1CE1337D009044F4 /* MainViewController.swift */,
				5F030CF71CEA4186002B2E14 /* AccountTableViewController.swift */,
				5F0357E71CE147AD009044F4 /* LoginViewController.swift */,
				5F2086D21CF3CE2300D2DA2D /* EnterMeetingCredentialsViewController.swift */,
			);
			name = Controllers;
			sourceTree = "<group>";
		};
		5F2086BE1CEBC01800D2DA2D /* Views */ = {
			isa = PBXGroup;
			children = (
				5FEF3BB31CEBA39600F8C72F /* ChatCell.swift */,
				5F2086A91CEBA60B00D2DA2D /* Main.storyboard */,
				5F1E1B691CE0EB8D00AE3D31 /* LaunchScreen.storyboard */,
			);
			name = Views;
			sourceTree = "<group>";
		};
		5F2086BF1CEBC03900D2DA2D /* Resources */ = {
			isa = PBXGroup;
			children = (
				5F36BDF91E52465C00B2233B /* Skype for Business App SDK Codec End User License Terms.pdf */,
				5F2086C31CEE302900D2DA2D /* Assets.xcassets */,
				5F1E1B6C1CE0EB8D00AE3D31 /* Info.plist */,
			);
			name = Resources;
			sourceTree = "<group>";
		};
		5FFC3E5A1CE5053E001AC5C6 /* Text Chat */ = {
			isa = PBXGroup;
			children = (
				5FFC3E5D1CE5065C001AC5C6 /* ChatTableViewController.swift */,
				5FFC3E581CE50535001AC5C6 /* ChatViewController.swift */,
			);
			name = "Text Chat";
			sourceTree = "<group>";
		};
/* End PBXGroup section */

/* Begin PBXNativeTarget section */
		5F1E1B5C1CE0EB8D00AE3D31 /* BankingAppSwift */ = {
			isa = PBXNativeTarget;
			buildConfigurationList = 5F1E1B851CE0EB8D00AE3D31 /* Build configuration list for PBXNativeTarget "BankingAppSwift" */;
			buildPhases = (
				5F1E1B591CE0EB8D00AE3D31 /* Sources */,
				5F1E1B5A1CE0EB8D00AE3D31 /* Frameworks */,
				5F1E1B5B1CE0EB8D00AE3D31 /* Resources */,
			);
			buildRules = (
			);
			dependencies = (
			);
			name = BankingAppSwift;
			productName = bankingAppSwift;
			productReference = 5F1E1B5D1CE0EB8D00AE3D31 /* BankingAppSwift.app */;
			productType = "com.apple.product-type.application";
		};
/* End PBXNativeTarget section */

/* Begin PBXProject section */
		5F1E1B551CE0EB8D00AE3D31 /* Project object */ = {
			isa = PBXProject;
			attributes = {
				LastSwiftUpdateCheck = 0730;
				LastUpgradeCheck = 0730;
				ORGANIZATIONNAME = "Aasveen Kaur";
				TargetAttributes = {
					5F1E1B5C1CE0EB8D00AE3D31 = {
						CreatedOnToolsVersion = 7.3;
						DevelopmentTeam = UYUY4NQE32;
						SystemCapabilities = {
							com.apple.BackgroundModes = {
								enabled = 1;
							};
						};
					};
				};
			};
			buildConfigurationList = 5F1E1B581CE0EB8D00AE3D31 /* Build configuration list for PBXProject "BankingAppSwift" */;
			compatibilityVersion = "Xcode 3.2";
			developmentRegion = English;
			hasScannedForEncodings = 0;
			knownRegions = (
				en,
				Base,
			);
			mainGroup = 5F1E1B541CE0EB8D00AE3D31;
			productRefGroup = 5F1E1B5E1CE0EB8D00AE3D31 /* Products */;
			projectDirPath = "";
			projectRoot = "";
			targets = (
				5F1E1B5C1CE0EB8D00AE3D31 /* BankingAppSwift */,
			);
		};
/* End PBXProject section */

/* Begin PBXResourcesBuildPhase section */
		5F1E1B5B1CE0EB8D00AE3D31 /* Resources */ = {
			isa = PBXResourcesBuildPhase;
			buildActionMask = 2147483647;
			files = (
				5F1E1B6B1CE0EB8D00AE3D31 /* LaunchScreen.storyboard in Resources */,
				5F2086C41CEE302900D2DA2D /* Assets.xcassets in Resources */,
				5F2086AB1CEBA60B00D2DA2D /* Main.storyboard in Resources */,
				5F36BDFA1E52465C00B2233B /* Skype for Business App SDK Codec End User License Terms.pdf in Resources */,
			);
			runOnlyForDeploymentPostprocessing = 0;
		};
/* End PBXResourcesBuildPhase section */

/* Begin PBXSourcesBuildPhase section */
		5F1E1B591CE0EB8D00AE3D31 /* Sources */ = {
			isa = PBXSourcesBuildPhase;
			buildActionMask = 2147483647;
			files = (
				5F0357E81CE147AD009044F4 /* LoginViewController.swift in Sources */,
				5FFC3E5E1CE5065C001AC5C6 /* ChatTableViewController.swift in Sources */,
				5FEF3BB41CEBA39600F8C72F /* ChatCell.swift in Sources */,
				5F030CF81CEA4186002B2E14 /* AccountTableViewController.swift in Sources */,
				5F2086D31CF3CE2300D2DA2D /* EnterMeetingCredentialsViewController.swift in Sources */,
				5F2087221CF8BE8A00D2DA2D /* Utils.swift in Sources */,
				5F1E1B611CE0EB8D00AE3D31 /* AppDelegate.swift in Sources */,
				5F36BDFC1E52521600B2233B /* MicrosoftLicenseViewController.swift in Sources */,
				5F030CEA1CE6689D002B2E14 /* ChatHandler.m in Sources */,
				5FFC3E591CE50535001AC5C6 /* ChatViewController.swift in Sources */,
				5F0357E21CE13E1E009044F4 /* VideoViewController.swift in Sources */,
				5F0357E01CE1337D009044F4 /* MainViewController.swift in Sources */,
			);
			runOnlyForDeploymentPostprocessing = 0;
		};
/* End PBXSourcesBuildPhase section */

/* Begin PBXVariantGroup section */
		5F1E1B691CE0EB8D00AE3D31 /* LaunchScreen.storyboard */ = {
			isa = PBXVariantGroup;
			children = (
				5F1E1B6A1CE0EB8D00AE3D31 /* Base */,
			);
			name = LaunchScreen.storyboard;
			path = ../bankingAppSwift;
			sourceTree = "<group>";
		};
/* End PBXVariantGroup section */

/* Begin XCBuildConfiguration section */
		5F1E1B831CE0EB8D00AE3D31 /* Debug */ = {
			isa = XCBuildConfiguration;
			buildSettings = {
				ALWAYS_SEARCH_USER_PATHS = NO;
				CLANG_ANALYZER_NONNULL = YES;
				CLANG_CXX_LANGUAGE_STANDARD = "gnu++0x";
				CLANG_CXX_LIBRARY = "libc++";
				CLANG_ENABLE_MODULES = YES;
				CLANG_ENABLE_OBJC_ARC = YES;
				CLANG_WARN_BOOL_CONVERSION = YES;
				CLANG_WARN_CONSTANT_CONVERSION = YES;
				CLANG_WARN_DIRECT_OBJC_ISA_USAGE = YES_ERROR;
				CLANG_WARN_EMPTY_BODY = YES;
				CLANG_WARN_ENUM_CONVERSION = YES;
				CLANG_WARN_INT_CONVERSION = YES;
				CLANG_WARN_OBJC_ROOT_CLASS = YES_ERROR;
				CLANG_WARN_UNREACHABLE_CODE = YES;
				CLANG_WARN__DUPLICATE_METHOD_MATCH = YES;
				"CODE_SIGN_IDENTITY[sdk=iphoneos*]" = "iPhone Developer";
				COPY_PHASE_STRIP = NO;
				DEBUG_INFORMATION_FORMAT = dwarf;
				ENABLE_BITCODE = NO;
				ENABLE_STRICT_OBJC_MSGSEND = YES;
				ENABLE_TESTABILITY = YES;
				GCC_C_LANGUAGE_STANDARD = gnu99;
				GCC_DYNAMIC_NO_PIC = NO;
				GCC_NO_COMMON_BLOCKS = YES;
				GCC_OPTIMIZATION_LEVEL = 0;
				GCC_PREPROCESSOR_DEFINITIONS = (
					"DEBUG=1",
					"$(inherited)",
				);
				GCC_WARN_64_TO_32_BIT_CONVERSION = YES;
				GCC_WARN_ABOUT_RETURN_TYPE = YES_ERROR;
				GCC_WARN_UNDECLARED_SELECTOR = YES;
				GCC_WARN_UNINITIALIZED_AUTOS = YES_AGGRESSIVE;
				GCC_WARN_UNUSED_FUNCTION = YES;
				GCC_WARN_UNUSED_VARIABLE = YES;
				IPHONEOS_DEPLOYMENT_TARGET = 9.3;
				MTL_ENABLE_DEBUG_INFO = YES;
				ONLY_ACTIVE_ARCH = YES;
				SDKROOT = iphoneos;
				SWIFT_OPTIMIZATION_LEVEL = "-Onone";
				TARGETED_DEVICE_FAMILY = "1,2";
			};
			name = Debug;
		};
		5F1E1B841CE0EB8D00AE3D31 /* Release */ = {
			isa = XCBuildConfiguration;
			buildSettings = {
				ALWAYS_SEARCH_USER_PATHS = NO;
				CLANG_ANALYZER_NONNULL = YES;
				CLANG_CXX_LANGUAGE_STANDARD = "gnu++0x";
				CLANG_CXX_LIBRARY = "libc++";
				CLANG_ENABLE_MODULES = YES;
				CLANG_ENABLE_OBJC_ARC = YES;
				CLANG_WARN_BOOL_CONVERSION = YES;
				CLANG_WARN_CONSTANT_CONVERSION = YES;
				CLANG_WARN_DIRECT_OBJC_ISA_USAGE = YES_ERROR;
				CLANG_WARN_EMPTY_BODY = YES;
				CLANG_WARN_ENUM_CONVERSION = YES;
				CLANG_WARN_INT_CONVERSION = YES;
				CLANG_WARN_OBJC_ROOT_CLASS = YES_ERROR;
				CLANG_WARN_UNREACHABLE_CODE = YES;
				CLANG_WARN__DUPLICATE_METHOD_MATCH = YES;
				"CODE_SIGN_IDENTITY[sdk=iphoneos*]" = "iPhone Developer";
				COPY_PHASE_STRIP = NO;
				DEBUG_INFORMATION_FORMAT = "dwarf-with-dsym";
				ENABLE_BITCODE = NO;
				ENABLE_NS_ASSERTIONS = NO;
				ENABLE_STRICT_OBJC_MSGSEND = YES;
				GCC_C_LANGUAGE_STANDARD = gnu99;
				GCC_NO_COMMON_BLOCKS = YES;
				GCC_WARN_64_TO_32_BIT_CONVERSION = YES;
				GCC_WARN_ABOUT_RETURN_TYPE = YES_ERROR;
				GCC_WARN_UNDECLARED_SELECTOR = YES;
				GCC_WARN_UNINITIALIZED_AUTOS = YES_AGGRESSIVE;
				GCC_WARN_UNUSED_FUNCTION = YES;
				GCC_WARN_UNUSED_VARIABLE = YES;
				IPHONEOS_DEPLOYMENT_TARGET = 9.3;
				MTL_ENABLE_DEBUG_INFO = NO;
				SDKROOT = iphoneos;
				TARGETED_DEVICE_FAMILY = "1,2";
				VALIDATE_PRODUCT = YES;
			};
			name = Release;
		};
		5F1E1B861CE0EB8D00AE3D31 /* Debug */ = {
			isa = XCBuildConfiguration;
			buildSettings = {
				ASSETCATALOG_COMPILER_APPICON_NAME = AppIcon;
				CLANG_ENABLE_MODULES = YES;
				CODE_SIGN_IDENTITY = "iPhone Developer";
				"CODE_SIGN_IDENTITY[sdk=iphoneos*]" = "iPhone Developer";
				DEVELOPMENT_TEAM = UYUY4NQE32;
				FRAMEWORK_SEARCH_PATHS = (
					"$(inherited)",
					"$(PROJECT_DIR)",
				);
				INFOPLIST_FILE = BankingAppSwift/Info.plist;
				IPHONEOS_DEPLOYMENT_TARGET = 9.3;
				LD_RUNPATH_SEARCH_PATHS = "$(inherited) @executable_path/Frameworks";
				PRODUCT_BUNDLE_IDENTIFIER = "com.microsoft.skype.appsdk.samples.BankingAppSwift.-";
				PRODUCT_NAME = BankingAppSwift;
				PROVISIONING_PROFILE = "";
				SWIFT_OBJC_BRIDGING_HEADER = "BankingAppSwift/BankingAppSwift-Bridging-Header.h";
				SWIFT_OPTIMIZATION_LEVEL = "-Onone";
				SWIFT_VERSION = 2.3;
			};
			name = Debug;
		};
		5F1E1B871CE0EB8D00AE3D31 /* Release */ = {
			isa = XCBuildConfiguration;
			buildSettings = {
				ASSETCATALOG_COMPILER_APPICON_NAME = AppIcon;
				CLANG_ENABLE_MODULES = YES;
				CODE_SIGN_IDENTITY = "iPhone Developer";
				"CODE_SIGN_IDENTITY[sdk=iphoneos*]" = "iPhone Developer";
				DEVELOPMENT_TEAM = UYUY4NQE32;
				FRAMEWORK_SEARCH_PATHS = (
					"$(inherited)",
					"$(PROJECT_DIR)",
				);
				INFOPLIST_FILE = BankingAppSwift/Info.plist;
				IPHONEOS_DEPLOYMENT_TARGET = 9.3;
				LD_RUNPATH_SEARCH_PATHS = "$(inherited) @executable_path/Frameworks";
				PRODUCT_BUNDLE_IDENTIFIER = "com.microsoft.skype.appsdk.samples.BankingAppSwift.-";
				PRODUCT_NAME = BankingAppSwift;
				PROVISIONING_PROFILE = "";
				SWIFT_OBJC_BRIDGING_HEADER = "BankingAppSwift/BankingAppSwift-Bridging-Header.h";
				SWIFT_VERSION = 2.3;
			};
			name = Release;
		};
/* End XCBuildConfiguration section */

/* Begin XCConfigurationList section */
		5F1E1B581CE0EB8D00AE3D31 /* Build configuration list for PBXProject "BankingAppSwift" */ = {
			isa = XCConfigurationList;
			buildConfigurations = (
				5F1E1B831CE0EB8D00AE3D31 /* Debug */,
				5F1E1B841CE0EB8D00AE3D31 /* Release */,
			);
			defaultConfigurationIsVisible = 0;
			defaultConfigurationName = Release;
		};
		5F1E1B851CE0EB8D00AE3D31 /* Build configuration list for PBXNativeTarget "BankingAppSwift" */ = {
			isa = XCConfigurationList;
			buildConfigurations = (
				5F1E1B861CE0EB8D00AE3D31 /* Debug */,
				5F1E1B871CE0EB8D00AE3D31 /* Release */,
			);
			defaultConfigurationIsVisible = 0;
			defaultConfigurationName = Release;
		};
/* End XCConfigurationList section */
	};
	rootObject = 5F1E1B551CE0EB8D00AE3D31 /* Project object */;
}
